
Microsoft Visual Studio Solution File, Format Version 12.00
# Visual Studio 2012
Project("{FAE04EC0-301F-11D3-BF4B-00C04F79EFBC}") = "lison-sharp", "lison-sharp\lison-sharp.csproj", "{EEEE7FB7-4CDD-4427-8B06-0B227157EF88}"
EndProject
Global
	GlobalSection(SolutionConfigurationPlatforms) = preSolution
		Debug|Any CPU = Debug|Any CPU
		Release|Any CPU = Release|Any CPU
	EndGlobalSection
	GlobalSection(ProjectConfigurationPlatforms) = postSolution
		{EEEE7FB7-4CDD-4427-8B06-0B227157EF88}.Debug|Any CPU.ActiveCfg = Debug|Any CPU
		{EEEE7FB7-4CDD-4427-8B06-0B227157EF88}.Debug|Any CPU.Build.0 = Debug|Any CPU
		{EEEE7FB7-4CDD-4427-8B06-0B227157EF88}.Release|Any CPU.ActiveCfg = Release|Any CPU
		{EEEE7FB7-4CDD-4427-8B06-0B227157EF88}.Release|Any CPU.Build.0 = Release|Any CPU
	EndGlobalSection
	GlobalSection(SolutionProperties) = preSolution
		HideSolutionNode = FALSE
	EndGlobalSection
EndGlobal
